// !$*UTF8*$!
{
	archiveVersion = 1;
	classes = {
	};
	objectVersion = 77;
	objects = {

/* Begin PBXContainerItemProxy section */
		D398B4112E148F1D00EED76A /* PBXContainerItemProxy */ = {
			isa = PBXContainerItemProxy;
			containerPortal = D398B3F42E148F1B00EED76A /* Project object */;
			proxyType = 1;
			remoteGlobalIDString = D398B3FB2E148F1B00EED76A;
			remoteInfo = "FoodPicker-SwiftUI";
		};
		D398B41B2E148F1D00EED76A /* PBXContainerItemProxy */ = {
			isa = PBXContainerItemProxy;
			containerPortal = D398B3F42E148F1B00EED76A /* Project object */;
			proxyType = 1;
			remoteGlobalIDString = D398B3FB2E148F1B00EED76A;
			remoteInfo = "FoodPicker-SwiftUI";
		};
/* End PBXContainerItemProxy section */

/* Begin PBXFileReference section */
		D398B3FC2E148F1B00EED76A /* FoodPicker-SwiftUI.app */ = {isa = PBXFileReference; explicitFileType = wrapper.application; includeInIndex = 0; path = "FoodPicker-SwiftUI.app"; sourceTree = BUILT_PRODUCTS_DIR; };
		D398B4102E148F1D00EED76A /* FoodPicker-SwiftUITests.xctest */ = {isa = PBXFileReference; explicitFileType = wrapper.cfbundle; includeInIndex = 0; path = "FoodPicker-SwiftUITests.xctest"; sourceTree = BUILT_PRODUCTS_DIR; };
		D398B41A2E148F1D00EED76A /* FoodPicker-SwiftUIUITests.xctest */ = {isa = PBXFileReference; explicitFileType = wrapper.cfbundle; includeInIndex = 0; path = "FoodPicker-SwiftUIUITests.xctest"; sourceTree = BUILT_PRODUCTS_DIR; };
/* End PBXFileReference section */

/* Begin PBXFileSystemSynchronizedBuildFileExceptionSet section */
		D398B4222E148F1D00EED76A /* Exceptions for "FoodPicker-SwiftUI" folder in "FoodPicker-SwiftUI" target */ = {
			isa = PBXFileSystemSynchronizedBuildFileExceptionSet;
			membershipExceptions = (
				Info.plist,
			);
			target = D398B3FB2E148F1B00EED76A /* FoodPicker-SwiftUI */;
		};
/* End PBXFileSystemSynchronizedBuildFileExceptionSet section */

/* Begin PBXFileSystemSynchronizedRootGroup section */
		D398B3FE2E148F1B00EED76A /* FoodPicker-SwiftUI */ = {
			isa = PBXFileSystemSynchronizedRootGroup;
			exceptions = (
				D398B4222E148F1D00EED76A /* Exceptions for "FoodPicker-SwiftUI" folder in "FoodPicker-SwiftUI" target */,
			);
			path = "FoodPicker-SwiftUI";
			sourceTree = "<group>";
		};
		D398B4132E148F1D00EED76A /* FoodPicker-SwiftUITests */ = {
			isa = PBXFileSystemSynchronizedRootGroup;
			path = "FoodPicker-SwiftUITests";
			sourceTree = "<group>";
		};
		D398B41D2E148F1D00EED76A /* FoodPicker-SwiftUIUITests */ = {
			isa = PBXFileSystemSynchronizedRootGroup;
			path = "FoodPicker-SwiftUIUITests";
			sourceTree = "<group>";
		};
/* End PBXFileSystemSynchronizedRootGroup section */

/* Begin PBXFrameworksBuildPhase section */
		D398B3F92E148F1B00EED76A /* Frameworks */ = {
			isa = PBXFrameworksBuildPhase;
			buildActionMask = 2147483647;
			files = (
			);
			runOnlyForDeploymentPostprocessing = 0;
		};
		D398B40D2E148F1D00EED76A /* Frameworks */ = {
			isa = PBXFrameworksBuildPhase;
			buildActionMask = 2147483647;
			files = (
			);
			runOnlyForDeploymentPostprocessing = 0;
		};
		D398B4172E148F1D00EED76A /* Frameworks */ = {
			isa = PBXFrameworksBuildPhase;
			buildActionMask = 2147483647;
			files = (
			);
			runOnlyForDeploymentPostprocessing = 0;
		};
/* End PBXFrameworksBuildPhase section */

/* Begin PBXGroup section */
		D398B3F32E148F1B00EED76A = {
			isa = PBXGroup;
			children = (
				D398B3FE2E148F1B00EED76A /* FoodPicker-SwiftUI */,
				D398B4132E148F1D00EED76A /* FoodPicker-SwiftUITests */,
				D398B41D2E148F1D00EED76A /* FoodPicker-SwiftUIUITests */,
				D398B3FD2E148F1B00EED76A /* Products */,
			);
			sourceTree = "<group>";
		};
		D398B3FD2E148F1B00EED76A /* Products */ = {
			isa = PBXGroup;
			children = (
				D398B3FC2E148F1B00EED76A /* FoodPicker-SwiftUI.app */,
				D398B4102E148F1D00EED76A /* FoodPicker-SwiftUITests.xctest */,
				D398B41A2E148F1D00EED76A /* FoodPicker-SwiftUIUITests.xctest */,
			);
			name = Products;
			sourceTree = "<group>";
		};
/* End PBXGroup section */

/* Begin PBXNativeTarget section */
		D398B3FB2E148F1B00EED76A /* FoodPicker-SwiftUI */ = {
			isa = PBXNativeTarget;
			buildConfigurationList = D398B4232E148F1D00EED76A /* Build configuration list for PBXNativeTarget "FoodPicker-SwiftUI" */;
			buildPhases = (
				D398B3F82E148F1B00EED76A /* Sources */,
				D398B3F92E148F1B00EED76A /* Frameworks */,
				D398B3FA2E148F1B00EED76A /* Resources */,
			);
			buildRules = (
			);
			dependencies = (
			);
			fileSystemSynchronizedGroups = (
				D398B3FE2E148F1B00EED76A /* FoodPicker-SwiftUI */,
			);
			name = "FoodPicker-SwiftUI";
			packageProductDependencies = (
			);
			productName = "FoodPicker-SwiftUI";
			productReference = D398B3FC2E148F1B00EED76A /* FoodPicker-SwiftUI.app */;
			productType = "com.apple.product-type.application";
		};
		D398B40F2E148F1D00EED76A /* FoodPicker-SwiftUITests */ = {
			isa = PBXNativeTarget;
			buildConfigurationList = D398B4282E148F1D00EED76A /* Build configuration list for PBXNativeTarget "FoodPicker-SwiftUITests" */;
			buildPhases = (
				D398B40C2E148F1D00EED76A /* Sources */,
				D398B40D2E148F1D00EED76A /* Frameworks */,
				D398B40E2E148F1D00EED76A /* Resources */,
			);
			buildRules = (
			);
			dependencies = (
				D398B4122E148F1D00EED76A /* PBXTargetDependency */,
			);
			fileSystemSynchronizedGroups = (
				D398B4132E148F1D00EED76A /* FoodPicker-SwiftUITests */,
			);
			name = "FoodPicker-SwiftUITests";
			packageProductDependencies = (
			);
			productName = "FoodPicker-SwiftUITests";
			productReference = D398B4102E148F1D00EED76A /* FoodPicker-SwiftUITests.xctest */;
			productType = "com.apple.product-type.bundle.unit-test";
		};
		D398B4192E148F1D00EED76A /* FoodPicker-SwiftUIUITests */ = {
			isa = PBXNativeTarget;
			buildConfigurationList = D398B42B2E148F1D00EED76A /* Build configuration list for PBXNativeTarget "FoodPicker-SwiftUIUITests" */;
			buildPhases = (
				D398B4162E148F1D00EED76A /* Sources */,
				D398B4172E148F1D00EED76A /* Frameworks */,
				D398B4182E148F1D00EED76A /* Resources */,
			);
			buildRules = (
			);
			dependencies = (
				D398B41C2E148F1D00EED76A /* PBXTargetDependency */,
			);
			fileSystemSynchronizedGroups = (
				D398B41D2E148F1D00EED76A /* FoodPicker-SwiftUIUITests */,
			);
			name = "FoodPicker-SwiftUIUITests";
			packageProductDependencies = (
			);
			productName = "FoodPicker-SwiftUIUITests";
			productReference = D398B41A2E148F1D00EED76A /* FoodPicker-SwiftUIUITests.xctest */;
			productType = "com.apple.product-type.bundle.ui-testing";
		};
/* End PBXNativeTarget section */

/* Begin PBXProject section */
		D398B3F42E148F1B00EED76A /* Project object */ = {
			isa = PBXProject;
			attributes = {
				BuildIndependentTargetsInParallel = 1;
				LastSwiftUpdateCheck = 1630;
				LastUpgradeCheck = 1630;
				TargetAttributes = {
					D398B3FB2E148F1B00EED76A = {
						CreatedOnToolsVersion = 16.3;
					};
					D398B40F2E148F1D00EED76A = {
						CreatedOnToolsVersion = 16.3;
						TestTargetID = D398B3FB2E148F1B00EED76A;
					};
					D398B4192E148F1D00EED76A = {
						CreatedOnToolsVersion = 16.3;
						TestTargetID = D398B3FB2E148F1B00EED76A;
					};
				};
			};
			buildConfigurationList = D398B3F72E148F1B00EED76A /* Build configuration list for PBXProject "FoodPicker-SwiftUI" */;
			developmentRegion = en;
			hasScannedForEncodings = 0;
			knownRegions = (
				en,
				Base,
			);
			mainGroup = D398B3F32E148F1B00EED76A;
			minimizedProjectReferenceProxies = 1;
			preferredProjectObjectVersion = 77;
			productRefGroup = D398B3FD2E148F1B00EED76A /* Products */;
			projectDirPath = "";
			projectRoot = "";
			targets = (
				D398B3FB2E148F1B00EED76A /* FoodPicker-SwiftUI */,
				D398B40F2E148F1D00EED76A /* FoodPicker-SwiftUITests */,
				D398B4192E148F1D00EED76A /* FoodPicker-SwiftUIUITests */,
			);
		};
/* End PBXProject section */

/* Begin PBXResourcesBuildPhase section */
		D398B3FA2E148F1B00EED76A /* Resources */ = {
			isa = PBXResourcesBuildPhase;
			buildActionMask = 2147483647;
			files = (
			);
			runOnlyForDeploymentPostprocessing = 0;
		};
		D398B40E2E148F1D00EED76A /* Resources */ = {
			isa = PBXResourcesBuildPhase;
			buildActionMask = 2147483647;
			files = (
			);
			runOnlyForDeploymentPostprocessing = 0;
		};
		D398B4182E148F1D00EED76A /* Resources */ = {
			isa = PBXResourcesBuildPhase;
			buildActionMask = 2147483647;
			files = (
			);
			runOnlyForDeploymentPostprocessing = 0;
		};
/* End PBXResourcesBuildPhase section */

/* Begin PBXSourcesBuildPhase section */
		D398B3F82E148F1B00EED76A /* Sources */ = {
			isa = PBXSourcesBuildPhase;
			buildActionMask = 2147483647;
			files = (
			);
			runOnlyForDeploymentPostprocessing = 0;
		};
		D398B40C2E148F1D00EED76A /* Sources */ = {
			isa = PBXSourcesBuildPhase;
			buildActionMask = 2147483647;
			files = (
			);
			runOnlyForDeploymentPostprocessing = 0;
		};
		D398B4162E148F1D00EED76A /* Sources */ = {
			isa = PBXSourcesBuildPhase;
			buildActionMask = 2147483647;
			files = (
			);
			runOnlyForDeploymentPostprocessing = 0;
		};
/* End PBXSourcesBuildPhase section */

/* Begin PBXTargetDependency section */
		D398B4122E148F1D00EED76A /* PBXTargetDependency */ = {
			isa = PBXTargetDependency;
			target = D398B3FB2E148F1B00EED76A /* FoodPicker-SwiftUI */;
			targetProxy = D398B4112E148F1D00EED76A /* PBXContainerItemProxy */;
		};
		D398B41C2E148F1D00EED76A /* PBXTargetDependency */ = {
			isa = PBXTargetDependency;
			target = D398B3FB2E148F1B00EED76A /* FoodPicker-SwiftUI */;
			targetProxy = D398B41B2E148F1D00EED76A /* PBXContainerItemProxy */;
		};
/* End PBXTargetDependency section */

/* Begin XCBuildConfiguration section */
		D398B4242E148F1D00EED76A /* Debug */ = {
			isa = XCBuildConfiguration;
			buildSettings = {
				ASSETCATALOG_COMPILER_APPICON_NAME = AppIcon;
				ASSETCATALOG_COMPILER_GLOBAL_ACCENT_COLOR_NAME = AccentColor;
				CODE_SIGN_ENTITLEMENTS = "FoodPicker-SwiftUI/FoodPicker_SwiftUI.entitlements";
				CODE_SIGN_STYLE = Automatic;
				CURRENT_PROJECT_VERSION = 1;
				DEVELOPMENT_TEAM = 5862HZ6X6T;
				ENABLE_PREVIEWS = YES;
				GENERATE_INFOPLIST_FILE = YES;
				INFOPLIST_FILE = "FoodPicker-SwiftUI/Info.plist";
				INFOPLIST_KEY_UIApplicationSceneManifest_Generation = YES;
				INFOPLIST_KEY_UIApplicationSupportsIndirectInputEvents = YES;
				INFOPLIST_KEY_UILaunchScreen_Generation = YES;
				INFOPLIST_KEY_UISupportedInterfaceOrientations = UIInterfaceOrientationPortrait;
				INFOPLIST_KEY_UISupportedInterfaceOrientations_iPad = "UIInterfaceOrientationLandscapeLeft UIInterfaceOrientationLandscapeRight UIInterfaceOrientationPortrait UIInterfaceOrientationPortraitUpsideDown";
				LD_RUNPATH_SEARCH_PATHS = (
					"$(inherited)",
					"@executable_path/Frameworks",
				);
				MARKETING_VERSION = 1.0;
				PRODUCT_BUNDLE_IDENTIFIER = "daweihao.FoodPicker-SwiftUI";
				PRODUCT_NAME = "$(TARGET_NAME)";
				SUPPORTED_PLATFORMS = "iphoneos iphonesimulator";
				SUPPORTS_MACCATALYST = NO;
				SUPPORTS_XR_DESIGNED_FOR_IPHONE_IPAD = NO;
				SWIFT_EMIT_LOC_STRINGS = YES;
				SWIFT_VERSION = 5.0;
				TARGETED_DEVICE_FAMILY = "1,2";
			};
			name = Debug;
		};
		D398B4252E148F1D00EED76A /* Release */ = {
			isa = XCBuildConfiguration;
			buildSettings = {
				ASSETCATALOG_COMPILER_APPICON_NAME = AppIcon;
				ASSETCATALOG_COMPILER_GLOBAL_ACCENT_COLOR_NAME = AccentColor;
				CODE_SIGN_ENTITLEMENTS = "FoodPicker-SwiftUI/FoodPicker_SwiftUI.entitlements";
				CODE_SIGN_STYLE = Automatic;
				CURRENT_PROJECT_VERSION = 1;
				DEVELOPMENT_TEAM = 5862HZ6X6T;
				ENABLE_PREVIEWS = YES;
				GENERATE_INFOPLIST_FILE = YES;
				INFOPLIST_FILE = "FoodPicker-SwiftUI/Info.plist";
				INFOPLIST_KEY_UIApplicationSceneManifest_Generation = YES;
				INFOPLIST_KEY_UIApplicationSupportsIndirectInputEvents = YES;
				INFOPLIST_KEY_UILaunchScreen_Generation = YES;
				INFOPLIST_KEY_UISupportedInterfaceOrientations = UIInterfaceOrientationPortrait;
				INFOPLIST_KEY_UISupportedInterfaceOrientations_iPad = "UIInterfaceOrientationLandscapeLeft UIInterfaceOrientationLandscapeRight UIInterfaceOrientationPortrait UIInterfaceOrientationPortraitUpsideDown";
				LD_RUNPATH_SEARCH_PATHS = (
					"$(inherited)",
					"@executable_path/Frameworks",
				);
				MARKETING_VERSION = 1.0;
				PRODUCT_BUNDLE_IDENTIFIER = "daweihao.FoodPicker-SwiftUI";
				PRODUCT_NAME = "$(TARGET_NAME)";
				SUPPORTED_PLATFORMS = "iphoneos iphonesimulator";
				SUPPORTS_MACCATALYST = NO;
				SUPPORTS_XR_DESIGNED_FOR_IPHONE_IPAD = NO;
				SWIFT_EMIT_LOC_STRINGS = YES;
				SWIFT_VERSION = 5.0;
				TARGETED_DEVICE_FAMILY = "1,2";
			};
			name = Release;
		};
		D398B4262E148F1D00EED76A /* Debug */ = {
			isa = XCBuildConfiguration;
			buildSettings = {
				ALWAYS_SEARCH_USER_PATHS = NO;
				ASSETCATALOG_COMPILER_GENERATE_SWIFT_ASSET_SYMBOL_EXTENSIONS = YES;
				CLANG_ANALYZER_NONNULL = YES;
				CLANG_ANALYZER_NUMBER_OBJECT_CONVERSION = YES_AGGRESSIVE;
				CLANG_CXX_LANGUAGE_STANDARD = "gnu++20";
				CLANG_ENABLE_MODULES = YES;
				CLANG_ENABLE_OBJC_ARC = YES;
				CLANG_ENABLE_OBJC_WEAK = YES;
				CLANG_WARN_BLOCK_CAPTURE_AUTORELEASING = YES;
				CLANG_WARN_BOOL_CONVERSION = YES;
				CLANG_WARN_COMMA = YES;
				CLANG_WARN_CONSTANT_CONVERSION = YES;
				CLANG_WARN_DEPRECATED_OBJC_IMPLEMENTATIONS = YES;
				CLANG_WARN_DIRECT_OBJC_ISA_USAGE = YES_ERROR;
				CLANG_WARN_DOCUMENTATION_COMMENTS = YES;
				CLANG_WARN_EMPTY_BODY = YES;
				CLANG_WARN_ENUM_CONVERSION = YES;
				CLANG_WARN_INFINITE_RECURSION = YES;
				CLANG_WARN_INT_CONVERSION = YES;
				CLANG_WARN_NON_LITERAL_NULL_CONVERSION = YES;
				CLANG_WARN_OBJC_IMPLICIT_RETAIN_SELF = YES;
				CLANG_WARN_OBJC_LITERAL_CONVERSION = YES;
				CLANG_WARN_OBJC_ROOT_CLASS = YES_ERROR;
				CLANG_WARN_QUOTED_INCLUDE_IN_FRAMEWORK_HEADER = YES;
				CLANG_WARN_RANGE_LOOP_ANALYSIS = YES;
				CLANG_WARN_STRICT_PROTOTYPES = YES;
				CLANG_WARN_SUSPICIOUS_MOVE = YES;
				CLANG_WARN_UNGUARDED_AVAILABILITY = YES_AGGRESSIVE;
				CLANG_WARN_UNREACHABLE_CODE = YES;
				CLANG_WARN__DUPLICATE_METHOD_MATCH = YES;
				COPY_PHASE_STRIP = NO;
				DEBUG_INFORMATION_FORMAT = dwarf;
				DEVELOPMENT_TEAM = 5862HZ6X6T;
				ENABLE_STRICT_OBJC_MSGSEND = YES;
				ENABLE_TESTABILITY = YES;
				ENABLE_USER_SCRIPT_SANDBOXING = YES;
				GCC_C_LANGUAGE_STANDARD = gnu17;
				GCC_DYNAMIC_NO_PIC = NO;
				GCC_NO_COMMON_BLOCKS = YES;
				GCC_OPTIMIZATION_LEVEL = 0;
				GCC_PREPROCESSOR_DEFINITIONS = (
					"DEBUG=1",
					"$(inherited)",
				);
				GCC_WARN_64_TO_32_BIT_CONVERSION = YES;
				GCC_WARN_ABOUT_RETURN_TYPE = YES_ERROR;
				GCC_WARN_UNDECLARED_SELECTOR = YES;
				GCC_WARN_UNINITIALIZED_AUTOS = YES_AGGRESSIVE;
				GCC_WARN_UNUSED_FUNCTION = YES;
				GCC_WARN_UNUSED_VARIABLE = YES;
				IPHONEOS_DEPLOYMENT_TARGET = 18.4;
				LOCALIZATION_PREFERS_STRING_CATALOGS = YES;
				MTL_ENABLE_DEBUG_INFO = INCLUDE_SOURCE;
				MTL_FAST_MATH = YES;
				ONLY_ACTIVE_ARCH = YES;
				SDKROOT = iphoneos;
				SWIFT_ACTIVE_COMPILATION_CONDITIONS = "DEBUG $(inherited)";
				SWIFT_OPTIMIZATION_LEVEL = "-Onone";
			};
			name = Debug;
		};
		D398B4272E148F1D00EED76A /* Release */ = {
			isa = XCBuildConfiguration;
			buildSettings = {
				ALWAYS_SEARCH_USER_PATHS = NO;
				ASSETCATALOG_COMPILER_GENERATE_SWIFT_ASSET_SYMBOL_EXTENSIONS = YES;
				CLANG_ANALYZER_NONNULL = YES;
				CLANG_ANALYZER_NUMBER_OBJECT_CONVERSION = YES_AGGRESSIVE;
				CLANG_CXX_LANGUAGE_STANDARD = "gnu++20";
				CLANG_ENABLE_MODULES = YES;
				CLANG_ENABLE_OBJC_ARC = YES;
				CLANG_ENABLE_OBJC_WEAK = YES;
				CLANG_WARN_BLOCK_CAPTURE_AUTORELEASING = YES;
				CLANG_WARN_BOOL_CONVERSION = YES;
				CLANG_WARN_COMMA = YES;
				CLANG_WARN_CONSTANT_CONVERSION = YES;
				CLANG_WARN_DEPRECATED_OBJC_IMPLEMENTATIONS = YES;
				CLANG_WARN_DIRECT_OBJC_ISA_USAGE = YES_ERROR;
				CLANG_WARN_DOCUMENTATION_COMMENTS = YES;
				CLANG_WARN_EMPTY_BODY = YES;
				CLANG_WARN_ENUM_CONVERSION = YES;
				CLANG_WARN_INFINITE_RECURSION = YES;
				CLANG_WARN_INT_CONVERSION = YES;
				CLANG_WARN_NON_LITERAL_NULL_CONVERSION = YES;
				CLANG_WARN_OBJC_IMPLICIT_RETAIN_SELF = YES;
				CLANG_WARN_OBJC_LITERAL_CONVERSION = YES;
				CLANG_WARN_OBJC_ROOT_CLASS = YES_ERROR;
				CLANG_WARN_QUOTED_INCLUDE_IN_FRAMEWORK_HEADER = YES;
				CLANG_WARN_RANGE_LOOP_ANALYSIS = YES;
				CLANG_WARN_STRICT_PROTOTYPES = YES;
				CLANG_WARN_SUSPICIOUS_MOVE = YES;
				CLANG_WARN_UNGUARDED_AVAILABILITY = YES_AGGRESSIVE;
				CLANG_WARN_UNREACHABLE_CODE = YES;
				CLANG_WARN__DUPLICATE_METHOD_MATCH = YES;
				COPY_PHASE_STRIP = NO;
				DEBUG_INFORMATION_FORMAT = "dwarf-with-dsym";
				DEVELOPMENT_TEAM = 5862HZ6X6T;
				ENABLE_NS_ASSERTIONS = NO;
				ENABLE_STRICT_OBJC_MSGSEND = YES;
				ENABLE_USER_SCRIPT_SANDBOXING = YES;
				GCC_C_LANGUAGE_STANDARD = gnu17;
				GCC_NO_COMMON_BLOCKS = YES;
				GCC_WARN_64_TO_32_BIT_CONVERSION = YES;
				GCC_WARN_ABOUT_RETURN_TYPE = YES_ERROR;
				GCC_WARN_UNDECLARED_SELECTOR = YES;
				GCC_WARN_UNINITIALIZED_AUTOS = YES_AGGRESSIVE;
				GCC_WARN_UNUSED_FUNCTION = YES;
				GCC_WARN_UNUSED_VARIABLE = YES;
				IPHONEOS_DEPLOYMENT_TARGET = 18.4;
				LOCALIZATION_PREFERS_STRING_CATALOGS = YES;
				MTL_ENABLE_DEBUG_INFO = NO;
				MTL_FAST_MATH = YES;
				SDKROOT = iphoneos;
				SWIFT_COMPILATION_MODE = wholemodule;
				VALIDATE_PRODUCT = YES;
			};
			name = Release;
		};
		D398B4292E148F1D00EED76A /* Debug */ = {
			isa = XCBuildConfiguration;
			buildSettings = {
				BUNDLE_LOADER = "$(TEST_HOST)";
				CODE_SIGN_STYLE = Automatic;
				CURRENT_PROJECT_VERSION = 1;
				DEVELOPMENT_TEAM = 5862HZ6X6T;
				GENERATE_INFOPLIST_FILE = YES;
				IPHONEOS_DEPLOYMENT_TARGET = 18.4;
				MARKETING_VERSION = 1.0;
				PRODUCT_BUNDLE_IDENTIFIER = "daweihao.FoodPicker-SwiftUITests";
				PRODUCT_NAME = "$(TARGET_NAME)";
				SWIFT_EMIT_LOC_STRINGS = NO;
				SWIFT_VERSION = 5.0;
				TARGETED_DEVICE_FAMILY = "1,2";
				TEST_HOST = "$(BUILT_PRODUCTS_DIR)/FoodPicker-SwiftUI.app/$(BUNDLE_EXECUTABLE_FOLDER_PATH)/FoodPicker-SwiftUI";
			};
			name = Debug;
		};
		D398B42A2E148F1D00EED76A /* Release */ = {
			isa = XCBuildConfiguration;
			buildSettings = {
				BUNDLE_LOADER = "$(TEST_HOST)";
				CODE_SIGN_STYLE = Automatic;
				CURRENT_PROJECT_VERSION = 1;
				DEVELOPMENT_TEAM = 5862HZ6X6T;
				GENERATE_INFOPLIST_FILE = YES;
				IPHONEOS_DEPLOYMENT_TARGET = 18.4;
				MARKETING_VERSION = 1.0;
				PRODUCT_BUNDLE_IDENTIFIER = "daweihao.FoodPicker-SwiftUITests";
				PRODUCT_NAME = "$(TARGET_NAME)";
				SWIFT_EMIT_LOC_STRINGS = NO;
				SWIFT_VERSION = 5.0;
				TARGETED_DEVICE_FAMILY = "1,2";
				TEST_HOST = "$(BUILT_PRODUCTS_DIR)/FoodPicker-SwiftUI.app/$(BUNDLE_EXECUTABLE_FOLDER_PATH)/FoodPicker-SwiftUI";
			};
			name = Release;
		};
		D398B42C2E148F1D00EED76A /* Debug */ = {
			isa = XCBuildConfiguration;
			buildSettings = {
				CODE_SIGN_STYLE = Automatic;
				CURRENT_PROJECT_VERSION = 1;
				DEVELOPMENT_TEAM = 5862HZ6X6T;
				GENERATE_INFOPLIST_FILE = YES;
				MARKETING_VERSION = 1.0;
				PRODUCT_BUNDLE_IDENTIFIER = "daweihao.FoodPicker-SwiftUIUITests";
				PRODUCT_NAME = "$(TARGET_NAME)";
				SWIFT_EMIT_LOC_STRINGS = NO;
				SWIFT_VERSION = 5.0;
				TARGETED_DEVICE_FAMILY = "1,2";
				TEST_TARGET_NAME = "FoodPicker-SwiftUI";
			};
			name = Debug;
		};
		D398B42D2E148F1D00EED76A /* Release */ = {
			isa = XCBuildConfiguration;
			buildSettings = {
				CODE_SIGN_STYLE = Automatic;
				CURRENT_PROJECT_VERSION = 1;
				DEVELOPMENT_TEAM = 5862HZ6X6T;
				GENERATE_INFOPLIST_FILE = YES;
				MARKETING_VERSION = 1.0;
				PRODUCT_BUNDLE_IDENTIFIER = "daweihao.FoodPicker-SwiftUIUITests";
				PRODUCT_NAME = "$(TARGET_NAME)";
				SWIFT_EMIT_LOC_STRINGS = NO;
				SWIFT_VERSION = 5.0;
				TARGETED_DEVICE_FAMILY = "1,2";
				TEST_TARGET_NAME = "FoodPicker-SwiftUI";
			};
			name = Release;
		};
/* End XCBuildConfiguration section */

/* Begin XCConfigurationList section */
		D398B3F72E148F1B00EED76A /* Build configuration list for PBXProject "FoodPicker-SwiftUI" */ = {
			isa = XCConfigurationList;
			buildConfigurations = (
				D398B4262E148F1D00EED76A /* Debug */,
				D398B4272E148F1D00EED76A /* Release */,
			);
			defaultConfigurationIsVisible = 0;
			defaultConfigurationName = Release;
		};
		D398B4232E148F1D00EED76A /* Build configuration list for PBXNativeTarget "FoodPicker-SwiftUI" */ = {
			isa = XCConfigurationList;
			buildConfigurations = (
				D398B4242E148F1D00EED76A /* Debug */,
				D398B4252E148F1D00EED76A /* Release */,
			);
			defaultConfigurationIsVisible = 0;
			defaultConfigurationName = Release;
		};
		D398B4282E148F1D00EED76A /* Build configuration list for PBXNativeTarget "FoodPicker-SwiftUITests" */ = {
			isa = XCConfigurationList;
			buildConfigurations = (
				D398B4292E148F1D00EED76A /* Debug */,
				D398B42A2E148F1D00EED76A /* Release */,
			);
			defaultConfigurationIsVisible = 0;
			defaultConfigurationName = Release;
		};
		D398B42B2E148F1D00EED76A /* Build configuration list for PBXNativeTarget "FoodPicker-SwiftUIUITests" */ = {
			isa = XCConfigurationList;
			buildConfigurations = (
				D398B42C2E148F1D00EED76A /* Debug */,
				D398B42D2E148F1D00EED76A /* Release */,
			);
			defaultConfigurationIsVisible = 0;
			defaultConfigurationName = Release;
		};
/* End XCConfigurationList section */
	};
	rootObject = D398B3F42E148F1B00EED76A /* Project object */;
}
